
Microsoft Visual Studio Solution File, Format Version 12.00
# Visual Studio Version 17
VisualStudioVersion = 17.2.32602.215
MinimumVisualStudioVersion = 10.0.40219.1
Project("{9A19103F-16F7-4668-BE54-9A1E7A4F7556}") = "DirectorySync", "DirectorySync\DirectorySync.csproj", "{971F7396-2190-4704-B3F6-67949B358800}"
EndProject
Global
	GlobalSection(SolutionConfigurationPlatforms) = preSolution
		Debug|Any CPU = Debug|Any CPU
		Release|Any CPU = Release|Any CPU
	EndGlobalSection
	GlobalSection(ProjectConfigurationPlatforms) = postSolution
		{971F7396-2190-4704-B3F6-67949B358800}.Debug|Any CPU.ActiveCfg = Debug|Any CPU
		{971F7396-2190-4704-B3F6-67949B358800}.Debug|Any CPU.Build.0 = Debug|Any CPU
		{971F7396-2190-4704-B3F6-67949B358800}.Release|Any CPU.ActiveCfg = Release|Any CPU
		{971F7396-2190-4704-B3F6-67949B358800}.Release|Any CPU.Build.0 = Release|Any CPU
	EndGlobalSection
	GlobalSection(SolutionProperties) = preSolution
		HideSolutionNode = FALSE
	EndGlobalSection
	GlobalSection(ExtensibilityGlobals) = postSolution
		SolutionGuid = {F21196ED-4857-416D-9E9C-C989110B6D30}
	EndGlobalSection
EndGlobal
